<?xml version="1.0" encoding="utf-8"?>
<Project ToolsVersion="4.0" xmlns="http://schemas.microsoft.com/developer/msbuild/2003">
  <ItemGroup>
    <Filter Include="Source Files">
      <UniqueIdentifier>{4FC737F1-C7A5-4376-A066-2A32D752A2FF}</UniqueIdentifier>
      <Extensions>cpp;c;cc;cxx;def;odl;idl;hpj;bat;asm;asmx</Extensions>
    </Filter>
    <Filter Include="Header Files">
      <UniqueIdentifier>{93995380-89BD-4b04-88EB-625FBE52EBFB}</UniqueIdentifier>
      <Extensions>h;hh;hpp;hxx;hm;inl;inc;xsd</Extensions>
    </Filter>
    <Filter Include="Resource Files">
      <UniqueIdentifier>{67DA6AB6-F800-4c08-8B7A-83BB121AAD01}</UniqueIdentifier>
      <Extensions>rc;ico;cur;bmp;dlg;rc2;rct;bin;rgs;gif;jpg;jpeg;jpe;resx;tiff;tif;png;wav;mfcribbon-ms</Extensions>
    </Filter>
  </ItemGroup>
  <ItemGroup>
    <ClCompile Include="..\Source\geometrika.cpp">
      <Filter>Source Files</Filter>
    </ClCompile>
    <ClCompile Include="..\Source\gore_asset.cpp">
      <Filter>Source Files</Filter>
    </ClCompile>
    <ClCompile Include="..\Source\gore_debug.cpp">
      <Filter>Source Files</Filter>
    </ClCompile>
    <ClCompile Include="..\Source\gore_debug_layer.cpp">
      <Filter>Source Files</Filter>
    </ClCompile>
    <ClCompile Include="..\Source\gore_engine.cpp">
      <Filter>Source Files</Filter>
    </ClCompile>
    <ClCompile Include="..\Source\gore_game_common.cpp">
      <Filter>Source Files</Filter>
    </ClCompile>
    <ClCompile Include="..\Source\gore_gui.cpp">
      <Filter>Source Files</Filter>
    </ClCompile>
    <ClCompile Include="..\Source\gore_opengl.cpp">
      <Filter>Source Files</Filter>
    </ClCompile>
    <ClCompile Include="..\Source\gore_render_state.cpp">
      <Filter>Source Files</Filter>
    </ClCompile>
    <ClCompile Include="..\Source\gore_renderer.cpp">
      <Filter>Source Files</Filter>
    </ClCompile>
    <ClCompile Include="..\Source\sdl_gore.cpp">
      <Filter>Source Files</Filter>
    </ClCompile>
    <ClCompile Include="..\Source\gore_threadwork_memory.cpp">
      <Filter>Source Files</Filter>
    </ClCompile>
    <ClCompile Include="..\Source\gore_colors.cpp">
      <Filter>Source Files</Filter>
    </ClCompile>
  </ItemGroup>
  <ItemGroup>
    <ClInclude Include="..\Source\geometrika.h">
      <Filter>Source Files</Filter>
    </ClInclude>
    <ClInclude Include="..\Source\gore_asset.h">
      <Filter>Source Files</Filter>
    </ClInclude>
    <ClInclude Include="..\Source\gore_asset_common.h">
      <Filter>Source Files</Filter>
    </ClInclude>
    <ClInclude Include="..\Source\gore_debug.h">
      <Filter>Source Files</Filter>
    </ClInclude>
    <ClInclude Include="..\Source\gore_debug_layer.h">
      <Filter>Source Files</Filter>
    </ClInclude>
    <ClInclude Include="..\Source\gore_engine.h">
      <Filter>Source Files</Filter>
    </ClInclude>
    <ClInclude Include="..\Source\gore_game_common.h">
      <Filter>Source Files</Filter>
    </ClInclude>
    <ClInclude Include="..\Source\gore_gui.h">
      <Filter>Source Files</Filter>
    </ClInclude>
    <ClInclude Include="..\Source\gore_input.h">
      <Filter>Source Files</Filter>
    </ClInclude>
    <ClInclude Include="..\Source\gore_lighting.h">
      <Filter>Source Files</Filter>
    </ClInclude>
    <ClInclude Include="..\Source\gore_math.h">
      <Filter>Source Files</Filter>
    </ClInclude>
    <ClInclude Include="..\Source\gore_memory.h">
      <Filter>Source Files</Filter>
    </ClInclude>
    <ClInclude Include="..\Source\gore_opengl.h">
      <Filter>Source Files</Filter>
    </ClInclude>
    <ClInclude Include="..\Source\gore_platform.h">
      <Filter>Source Files</Filter>
    </ClInclude>
    <ClInclude Include="..\Source\gore_random.h">
      <Filter>Source Files</Filter>
    </ClInclude>
    <ClInclude Include="..\Source\gore_render_state.h">
      <Filter>Source Files</Filter>
    </ClInclude>
    <ClInclude Include="..\Source\gore_renderer.h">
      <Filter>Source Files</Filter>
    </ClInclude>
    <ClInclude Include="..\Source\gore_types.h">
      <Filter>Source Files</Filter>
    </ClInclude>
    <ClInclude Include="..\Source\sdl_gore.h">
      <Filter>Source Files</Filter>
    </ClInclude>
    <ClInclude Include="..\Source\stb_image.h">
      <Filter>Source Files</Filter>
    </ClInclude>
    <ClInclude Include="..\Source\stb_sprintf.h">
      <Filter>Source Files</Filter>
    </ClInclude>
    <ClInclude Include="..\Source\stb_truetype.h">
      <Filter>Source Files</Filter>
    </ClInclude>
    <ClInclude Include="..\Source\gore_threadwork_memory.h">
      <Filter>Source Files</Filter>
    </ClInclude>
    <ClInclude Include="..\Source\gore_asset_identifiers.h">
      <Filter>Source Files</Filter>
    </ClInclude>
    <ClInclude Include="..\Source\gore_asset_types.h">
      <Filter>Source Files</Filter>
    </ClInclude>
    <ClInclude Include="..\Source\gore_colors.h">
      <Filter>Source Files</Filter>
    </ClInclude>
  </ItemGroup>
</Project>